// !$*UTF8*$!
{
	archiveVersion = 1;
	classes = {
	};
	objectVersion = 46;
	objects = {

/* Begin PBXBuildFile section */
		DBC305431EC0DD8B002AA4FB /* main.m in Sources */ = {isa = PBXBuildFile; fileRef = DBC305421EC0DD8B002AA4FB /* main.m */; };
		DBC305461EC0DD8B002AA4FB /* AppDelegate.m in Sources */ = {isa = PBXBuildFile; fileRef = DBC305451EC0DD8B002AA4FB /* AppDelegate.m */; };
		DBC305491EC0DD8B002AA4FB /* ViewController.m in Sources */ = {isa = PBXBuildFile; fileRef = DBC305481EC0DD8B002AA4FB /* ViewController.m */; };
		DBC3054C1EC0DD8C002AA4FB /* Main.storyboard in Resources */ = {isa = PBXBuildFile; fileRef = DBC3054A1EC0DD8C002AA4FB /* Main.storyboard */; };
		DBC3054E1EC0DD8C002AA4FB /* Assets.xcassets in Resources */ = {isa = PBXBuildFile; fileRef = DBC3054D1EC0DD8C002AA4FB /* Assets.xcassets */; };
		DBC305511EC0DD8C002AA4FB /* LaunchScreen.storyboard in Resources */ = {isa = PBXBuildFile; fileRef = DBC3054F1EC0DD8C002AA4FB /* LaunchScreen.storyboard */; };
		DBC305591EC0DFF9002AA4FB /* GoogleService-Info.plist in Resources */ = {isa = PBXBuildFile; fileRef = DBC305581EC0DFF9002AA4FB /* GoogleService-Info.plist */; };
		DBC3055C1EC0EBC7002AA4FB /* LogInViewController.m in Sources */ = {isa = PBXBuildFile; fileRef = DBC3055B1EC0EBC7002AA4FB /* LogInViewController.m */; };
		DBC3055F1EC10E5D002AA4FB /* NewTodoViewController.m in Sources */ = {isa = PBXBuildFile; fileRef = DBC3055E1EC10E5D002AA4FB /* NewTodoViewController.m */; };
		DBC305661EC22D13002AA4FB /* toDo.m in Sources */ = {isa = PBXBuildFile; fileRef = DBC305651EC22D13002AA4FB /* toDo.m */; };
		F5DDECF94D2CDE7644A86C5B /* libPods-ToDo-List.a in Frameworks */ = {isa = PBXBuildFile; fileRef = 55D04110D51D1BE249F86F4A /* libPods-ToDo-List.a */; };
/* End PBXBuildFile section */

/* Begin PBXFileReference section */
		55D04110D51D1BE249F86F4A /* libPods-ToDo-List.a */ = {isa = PBXFileReference; explicitFileType = archive.ar; includeInIndex = 0; path = "libPods-ToDo-List.a"; sourceTree = BUILT_PRODUCTS_DIR; };
		AC56B1AE1C006AE0E2F878A1 /* Pods-ToDo-List.release.xcconfig */ = {isa = PBXFileReference; includeInIndex = 1; lastKnownFileType = text.xcconfig; name = "Pods-ToDo-List.release.xcconfig"; path = "Pods/Target Support Files/Pods-ToDo-List/Pods-ToDo-List.release.xcconfig"; sourceTree = "<group>"; };
		C90313028B87948EF6A6FC48 /* Pods-ToDo-List.debug.xcconfig */ = {isa = PBXFileReference; includeInIndex = 1; lastKnownFileType = text.xcconfig; name = "Pods-ToDo-List.debug.xcconfig"; path = "Pods/Target Support Files/Pods-ToDo-List/Pods-ToDo-List.debug.xcconfig"; sourceTree = "<group>"; };
		DBC3053E1EC0DD8B002AA4FB /* ToDo-List.app */ = {isa = PBXFileReference; explicitFileType = wrapper.application; includeInIndex = 0; path = "ToDo-List.app"; sourceTree = BUILT_PRODUCTS_DIR; };
		DBC305421EC0DD8B002AA4FB /* main.m */ = {isa = PBXFileReference; lastKnownFileType = sourcecode.c.objc; path = main.m; sourceTree = "<group>"; };
		DBC305441EC0DD8B002AA4FB /* AppDelegate.h */ = {isa = PBXFileReference; lastKnownFileType = sourcecode.c.h; path = AppDelegate.h; sourceTree = "<group>"; };
		DBC305451EC0DD8B002AA4FB /* AppDelegate.m */ = {isa = PBXFileReference; lastKnownFileType = sourcecode.c.objc; path = AppDelegate.m; sourceTree = "<group>"; };
		DBC305471EC0DD8B002AA4FB /* ViewController.h */ = {isa = PBXFileReference; lastKnownFileType = sourcecode.c.h; path = ViewController.h; sourceTree = "<group>"; };
		DBC305481EC0DD8B002AA4FB /* ViewController.m */ = {isa = PBXFileReference; lastKnownFileType = sourcecode.c.objc; path = ViewController.m; sourceTree = "<group>"; };
		DBC3054B1EC0DD8C002AA4FB /* Base */ = {isa = PBXFileReference; lastKnownFileType = file.storyboard; name = Base; path = Base.lproj/Main.storyboard; sourceTree = "<group>"; };
		DBC3054D1EC0DD8C002AA4FB /* Assets.xcassets */ = {isa = PBXFileReference; lastKnownFileType = folder.assetcatalog; path = Assets.xcassets; sourceTree = "<group>"; };
		DBC305501EC0DD8C002AA4FB /* Base */ = {isa = PBXFileReference; lastKnownFileType = file.storyboard; name = Base; path = Base.lproj/LaunchScreen.storyboard; sourceTree = "<group>"; };
		DBC305521EC0DD8C002AA4FB /* Info.plist */ = {isa = PBXFileReference; lastKnownFileType = text.plist.xml; path = Info.plist; sourceTree = "<group>"; };
		DBC305581EC0DFF9002AA4FB /* GoogleService-Info.plist */ = {isa = PBXFileReference; fileEncoding = 4; lastKnownFileType = text.plist.xml; path = "GoogleService-Info.plist"; sourceTree = "<group>"; };
		DBC3055A1EC0EBC7002AA4FB /* LogInViewController.h */ = {isa = PBXFileReference; fileEncoding = 4; lastKnownFileType = sourcecode.c.h; path = LogInViewController.h; sourceTree = "<group>"; };
		DBC3055B1EC0EBC7002AA4FB /* LogInViewController.m */ = {isa = PBXFileReference; fileEncoding = 4; lastKnownFileType = sourcecode.c.objc; path = LogInViewController.m; sourceTree = "<group>"; };
		DBC3055D1EC10E5D002AA4FB /* NewTodoViewController.h */ = {isa = PBXFileReference; fileEncoding = 4; lastKnownFileType = sourcecode.c.h; path = NewTodoViewController.h; sourceTree = "<group>"; };
		DBC3055E1EC10E5D002AA4FB /* NewTodoViewController.m */ = {isa = PBXFileReference; fileEncoding = 4; lastKnownFileType = sourcecode.c.objc; path = NewTodoViewController.m; sourceTree = "<group>"; };
		DBC305641EC22D13002AA4FB /* toDo.h */ = {isa = PBXFileReference; fileEncoding = 4; lastKnownFileType = sourcecode.c.h; path = toDo.h; sourceTree = "<group>"; };
		DBC305651EC22D13002AA4FB /* toDo.m */ = {isa = PBXFileReference; fileEncoding = 4; lastKnownFileType = sourcecode.c.objc; path = toDo.m; sourceTree = "<group>"; };
/* End PBXFileReference section */

/* Begin PBXFrameworksBuildPhase section */
		DBC3053B1EC0DD8B002AA4FB /* Frameworks */ = {
			isa = PBXFrameworksBuildPhase;
			buildActionMask = 2147483647;
			files = (
				F5DDECF94D2CDE7644A86C5B /* libPods-ToDo-List.a in Frameworks */,
			);
			runOnlyForDeploymentPostprocessing = 0;
		};
/* End PBXFrameworksBuildPhase section */

/* Begin PBXGroup section */
		08A556B2967A4ADDF6EDCE2C /* Pods */ = {
			isa = PBXGroup;
			children = (
				C90313028B87948EF6A6FC48 /* Pods-ToDo-List.debug.xcconfig */,
				AC56B1AE1C006AE0E2F878A1 /* Pods-ToDo-List.release.xcconfig */,
			);
			name = Pods;
			sourceTree = "<group>";
		};
		CC2B35A7FE0833CE86760014 /* Frameworks */ = {
			isa = PBXGroup;
			children = (
				55D04110D51D1BE249F86F4A /* libPods-ToDo-List.a */,
			);
			name = Frameworks;
			sourceTree = "<group>";
		};
		DBC305351EC0DD8B002AA4FB = {
			isa = PBXGroup;
			children = (
				DBC305401EC0DD8B002AA4FB /* ToDo-List */,
				DBC3053F1EC0DD8B002AA4FB /* Products */,
				08A556B2967A4ADDF6EDCE2C /* Pods */,
				CC2B35A7FE0833CE86760014 /* Frameworks */,
			);
			sourceTree = "<group>";
		};
		DBC3053F1EC0DD8B002AA4FB /* Products */ = {
			isa = PBXGroup;
			children = (
				DBC3053E1EC0DD8B002AA4FB /* ToDo-List.app */,
			);
			name = Products;
			sourceTree = "<group>";
		};
		DBC305401EC0DD8B002AA4FB /* ToDo-List */ = {
			isa = PBXGroup;
			children = (
				DBC305601EC1206B002AA4FB /* New Group */,
				DBC305521EC0DD8C002AA4FB /* Info.plist */,
				DBC305581EC0DFF9002AA4FB /* GoogleService-Info.plist */,
				DBC305411EC0DD8B002AA4FB /* Supporting Files */,
			);
			path = "ToDo-List";
			sourceTree = "<group>";
		};
		DBC305411EC0DD8B002AA4FB /* Supporting Files */ = {
			isa = PBXGroup;
			children = (
				DBC305421EC0DD8B002AA4FB /* main.m */,
			);
			name = "Supporting Files";
			sourceTree = "<group>";
		};
		DBC305601EC1206B002AA4FB /* New Group */ = {
			isa = PBXGroup;
			children = (
				DBC305631EC1207E002AA4FB /* Controller */,
				DBC305621EC12078002AA4FB /* View */,
				DBC305611EC12072002AA4FB /* Model */,
			);
			name = "New Group";
			sourceTree = "<group>";
		};
		DBC305611EC12072002AA4FB /* Model */ = {
			isa = PBXGroup;
			children = (
				DBC305641EC22D13002AA4FB /* toDo.h */,
				DBC305651EC22D13002AA4FB /* toDo.m */,
				DBC305441EC0DD8B002AA4FB /* AppDelegate.h */,
				DBC305451EC0DD8B002AA4FB /* AppDelegate.m */,
			);
			name = Model;
			sourceTree = "<group>";
		};
		DBC305621EC12078002AA4FB /* View */ = {
			isa = PBXGroup;
			children = (
				DBC3054A1EC0DD8C002AA4FB /* Main.storyboard */,
				DBC3054D1EC0DD8C002AA4FB /* Assets.xcassets */,
				DBC3054F1EC0DD8C002AA4FB /* LaunchScreen.storyboard */,
			);
			name = View;
			sourceTree = "<group>";
		};
		DBC305631EC1207E002AA4FB /* Controller */ = {
			isa = PBXGroup;
			children = (
				DBC305471EC0DD8B002AA4FB /* ViewController.h */,
				DBC305481EC0DD8B002AA4FB /* ViewController.m */,
				DBC3055D1EC10E5D002AA4FB /* NewTodoViewController.h */,
				DBC3055E1EC10E5D002AA4FB /* NewTodoViewController.m */,
				DBC3055A1EC0EBC7002AA4FB /* LogInViewController.h */,
				DBC3055B1EC0EBC7002AA4FB /* LogInViewController.m */,
			);
			name = Controller;
			sourceTree = "<group>";
		};
/* End PBXGroup section */

/* Begin PBXNativeTarget section */
		DBC3053D1EC0DD8B002AA4FB /* ToDo-List */ = {
			isa = PBXNativeTarget;
			buildConfigurationList = DBC305551EC0DD8C002AA4FB /* Build configuration list for PBXNativeTarget "ToDo-List" */;
			buildPhases = (
				052F19CEB405AC1C3207B65D /* [CP] Check Pods Manifest.lock */,
				DBC3053A1EC0DD8B002AA4FB /* Sources */,
				DBC3053B1EC0DD8B002AA4FB /* Frameworks */,
				DBC3053C1EC0DD8B002AA4FB /* Resources */,
				4513DB972981AA05D7650B9C /* [CP] Embed Pods Frameworks */,
				7F06D0FCA07E53F83ED87F33 /* [CP] Copy Pods Resources */,
			);
			buildRules = (
			);
			dependencies = (
			);
			name = "ToDo-List";
			productName = "ToDo-List";
			productReference = DBC3053E1EC0DD8B002AA4FB /* ToDo-List.app */;
			productType = "com.apple.product-type.application";
		};
/* End PBXNativeTarget section */

/* Begin PBXProject section */
		DBC305361EC0DD8B002AA4FB /* Project object */ = {
			isa = PBXProject;
			attributes = {
				LastUpgradeCheck = 0830;
				ORGANIZATIONNAME = "Pavel Parkhomey";
				TargetAttributes = {
					DBC3053D1EC0DD8B002AA4FB = {
						CreatedOnToolsVersion = 8.3.2;
						DevelopmentTeam = 6X88V8MC7R;
						ProvisioningStyle = Automatic;
					};
				};
			};
			buildConfigurationList = DBC305391EC0DD8B002AA4FB /* Build configuration list for PBXProject "ToDo-List" */;
			compatibilityVersion = "Xcode 3.2";
			developmentRegion = English;
			hasScannedForEncodings = 0;
			knownRegions = (
				en,
				Base,
			);
			mainGroup = DBC305351EC0DD8B002AA4FB;
			productRefGroup = DBC3053F1EC0DD8B002AA4FB /* Products */;
			projectDirPath = "";
			projectRoot = "";
			targets = (
				DBC3053D1EC0DD8B002AA4FB /* ToDo-List */,
			);
		};
/* End PBXProject section */

/* Begin PBXResourcesBuildPhase section */
		DBC3053C1EC0DD8B002AA4FB /* Resources */ = {
			isa = PBXResourcesBuildPhase;
			buildActionMask = 2147483647;
			files = (
				DBC305511EC0DD8C002AA4FB /* LaunchScreen.storyboard in Resources */,
				DBC305591EC0DFF9002AA4FB /* GoogleService-Info.plist in Resources */,
				DBC3054E1EC0DD8C002AA4FB /* Assets.xcassets in Resources */,
				DBC3054C1EC0DD8C002AA4FB /* Main.storyboard in Resources */,
			);
			runOnlyForDeploymentPostprocessing = 0;
		};
/* End PBXResourcesBuildPhase section */

/* Begin PBXShellScriptBuildPhase section */
		052F19CEB405AC1C3207B65D /* [CP] Check Pods Manifest.lock */ = {
			isa = PBXShellScriptBuildPhase;
			buildActionMask = 2147483647;
			files = (
			);
			inputPaths = (
			);
			name = "[CP] Check Pods Manifest.lock";
			outputPaths = (
			);
			runOnlyForDeploymentPostprocessing = 0;
			shellPath = /bin/sh;
			shellScript = "diff \"${PODS_PODFILE_DIR_PATH}/Podfile.lock\" \"${PODS_ROOT}/Manifest.lock\" > /dev/null\nif [ $? != 0 ] ; then\n    # print error to STDERR\n    echo \"error: The sandbox is not in sync with the Podfile.lock. Run 'pod install' or update your CocoaPods installation.\" >&2\n    exit 1\nfi\n";
			showEnvVarsInLog = 0;
		};
		4513DB972981AA05D7650B9C /* [CP] Embed Pods Frameworks */ = {
			isa = PBXShellScriptBuildPhase;
			buildActionMask = 2147483647;
			files = (
			);
			inputPaths = (
			);
			name = "[CP] Embed Pods Frameworks";
			outputPaths = (
			);
			runOnlyForDeploymentPostprocessing = 0;
			shellPath = /bin/sh;
			shellScript = "\"${SRCROOT}/Pods/Target Support Files/Pods-ToDo-List/Pods-ToDo-List-frameworks.sh\"\n";
			showEnvVarsInLog = 0;
		};
		7F06D0FCA07E53F83ED87F33 /* [CP] Copy Pods Resources */ = {
			isa = PBXShellScriptBuildPhase;
			buildActionMask = 2147483647;
			files = (
			);
			inputPaths = (
			);
			name = "[CP] Copy Pods Resources";
			outputPaths = (
			);
			runOnlyForDeploymentPostprocessing = 0;
			shellPath = /bin/sh;
			shellScript = "\"${SRCROOT}/Pods/Target Support Files/Pods-ToDo-List/Pods-ToDo-List-resources.sh\"\n";
			showEnvVarsInLog = 0;
		};
/* End PBXShellScriptBuildPhase section */

/* Begin PBXSourcesBuildPhase section */
		DBC3053A1EC0DD8B002AA4FB /* Sources */ = {
			isa = PBXSourcesBuildPhase;
			buildActionMask = 2147483647;
			files = (
				DBC3055C1EC0EBC7002AA4FB /* LogInViewController.m in Sources */,
				DBC305661EC22D13002AA4FB /* toDo.m in Sources */,
				DBC305491EC0DD8B002AA4FB /* ViewController.m in Sources */,
				DBC305461EC0DD8B002AA4FB /* AppDelegate.m in Sources */,
				DBC3055F1EC10E5D002AA4FB /* NewTodoViewController.m in Sources */,
				DBC305431EC0DD8B002AA4FB /* main.m in Sources */,
			);
			runOnlyForDeploymentPostprocessing = 0;
		};
/* End PBXSourcesBuildPhase section */

/* Begin PBXVariantGroup section */
		DBC3054A1EC0DD8C002AA4FB /* Main.storyboard */ = {
			isa = PBXVariantGroup;
			children = (
				DBC3054B1EC0DD8C002AA4FB /* Base */,
			);
			name = Main.storyboard;
			sourceTree = "<group>";
		};
		DBC3054F1EC0DD8C002AA4FB /* LaunchScreen.storyboard */ = {
			isa = PBXVariantGroup;
			children = (
				DBC305501EC0DD8C002AA4FB /* Base */,
			);
			name = LaunchScreen.storyboard;
			sourceTree = "<group>";
		};
/* End PBXVariantGroup section */

/* Begin XCBuildConfiguration section */
		DBC305531EC0DD8C002AA4FB /* Debug */ = {
			isa = XCBuildConfiguration;
			buildSettings = {
				ALWAYS_SEARCH_USER_PATHS = NO;
				CLANG_ANALYZER_NONNULL = YES;
				CLANG_ANALYZER_NUMBER_OBJECT_CONVERSION = YES_AGGRESSIVE;
				CLANG_CXX_LANGUAGE_STANDARD = "gnu++0x";
				CLANG_CXX_LIBRARY = "libc++";
				CLANG_ENABLE_MODULES = YES;
				CLANG_ENABLE_OBJC_ARC = YES;
				CLANG_WARN_BOOL_CONVERSION = YES;
				CLANG_WARN_CONSTANT_CONVERSION = YES;
				CLANG_WARN_DIRECT_OBJC_ISA_USAGE = YES_ERROR;
				CLANG_WARN_DOCUMENTATION_COMMENTS = YES;
				CLANG_WARN_EMPTY_BODY = YES;
				CLANG_WARN_ENUM_CONVERSION = YES;
				CLANG_WARN_INFINITE_RECURSION = YES;
				CLANG_WARN_INT_CONVERSION = YES;
				CLANG_WARN_OBJC_ROOT_CLASS = YES_ERROR;
				CLANG_WARN_SUSPICIOUS_MOVE = YES;
				CLANG_WARN_UNREACHABLE_CODE = YES;
				CLANG_WARN__DUPLICATE_METHOD_MATCH = YES;
				"CODE_SIGN_IDENTITY[sdk=iphoneos*]" = "iPhone Developer";
				COPY_PHASE_STRIP = NO;
				DEBUG_INFORMATION_FORMAT = dwarf;
				ENABLE_STRICT_OBJC_MSGSEND = YES;
				ENABLE_TESTABILITY = YES;
				GCC_C_LANGUAGE_STANDARD = gnu99;
				GCC_DYNAMIC_NO_PIC = NO;
				GCC_NO_COMMON_BLOCKS = YES;
				GCC_OPTIMIZATION_LEVEL = 0;
				GCC_PREPROCESSOR_DEFINITIONS = (
					"DEBUG=1",
					"$(inherited)",
				);
				GCC_WARN_64_TO_32_BIT_CONVERSION = YES;
				GCC_WARN_ABOUT_RETURN_TYPE = YES_ERROR;
				GCC_WARN_UNDECLARED_SELECTOR = YES;
				GCC_WARN_UNINITIALIZED_AUTOS = YES_AGGRESSIVE;
				GCC_WARN_UNUSED_FUNCTION = YES;
				GCC_WARN_UNUSED_VARIABLE = YES;
				IPHONEOS_DEPLOYMENT_TARGET = 10.3;
				MTL_ENABLE_DEBUG_INFO = YES;
				ONLY_ACTIVE_ARCH = YES;
				SDKROOT = iphoneos;
				TARGETED_DEVICE_FAMILY = "1,2";
			};
			name = Debug;
		};
		DBC305541EC0DD8C002AA4FB /* Release */ = {
			isa = XCBuildConfiguration;
			buildSettings = {
				ALWAYS_SEARCH_USER_PATHS = NO;
				CLANG_ANALYZER_NONNULL = YES;
				CLANG_ANALYZER_NUMBER_OBJECT_CONVERSION = YES_AGGRESSIVE;
				CLANG_CXX_LANGUAGE_STANDARD = "gnu++0x";
				CLANG_CXX_LIBRARY = "libc++";
				CLANG_ENABLE_MODULES = YES;
				CLANG_ENABLE_OBJC_ARC = YES;
				CLANG_WARN_BOOL_CONVERSION = YES;
				CLANG_WARN_CONSTANT_CONVERSION = YES;
				CLANG_WARN_DIRECT_OBJC_ISA_USAGE = YES_ERROR;
				CLANG_WARN_DOCUMENTATION_COMMENTS = YES;
				CLANG_WARN_EMPTY_BODY = YES;
				CLANG_WARN_ENUM_CONVERSION = YES;
				CLANG_WARN_INFINITE_RECURSION = YES;
				CLANG_WARN_INT_CONVERSION = YES;
				CLANG_WARN_OBJC_ROOT_CLASS = YES_ERROR;
				CLANG_WARN_SUSPICIOUS_MOVE = YES;
				CLANG_WARN_UNREACHABLE_CODE = YES;
				CLANG_WARN__DUPLICATE_METHOD_MATCH = YES;
				"CODE_SIGN_IDENTITY[sdk=iphoneos*]" = "iPhone Developer";
				COPY_PHASE_STRIP = NO;
				DEBUG_INFORMATION_FORMAT = "dwarf-with-dsym";
				ENABLE_NS_ASSERTIONS = NO;
				ENABLE_STRICT_OBJC_MSGSEND = YES;
				GCC_C_LANGUAGE_STANDARD = gnu99;
				GCC_NO_COMMON_BLOCKS = YES;
				GCC_WARN_64_TO_32_BIT_CONVERSION = YES;
				GCC_WARN_ABOUT_RETURN_TYPE = YES_ERROR;
				GCC_WARN_UNDECLARED_SELECTOR = YES;
				GCC_WARN_UNINITIALIZED_AUTOS = YES_AGGRESSIVE;
				GCC_WARN_UNUSED_FUNCTION = YES;
				GCC_WARN_UNUSED_VARIABLE = YES;
				IPHONEOS_DEPLOYMENT_TARGET = 10.3;
				MTL_ENABLE_DEBUG_INFO = NO;
				SDKROOT = iphoneos;
				TARGETED_DEVICE_FAMILY = "1,2";
				VALIDATE_PRODUCT = YES;
			};
			name = Release;
		};
		DBC305561EC0DD8C002AA4FB /* Debug */ = {
			isa = XCBuildConfiguration;
			baseConfigurationReference = C90313028B87948EF6A6FC48 /* Pods-ToDo-List.debug.xcconfig */;
			buildSettings = {
				ASSETCATALOG_COMPILER_APPICON_NAME = AppIcon;
				DEVELOPMENT_TEAM = 6X88V8MC7R;
				INFOPLIST_FILE = "ToDo-List/Info.plist";
				LD_RUNPATH_SEARCH_PATHS = "$(inherited) @executable_path/Frameworks";
				PRODUCT_BUNDLE_IDENTIFIER = "com.MyFirstApp..ToDo-List";
				PRODUCT_NAME = "$(TARGET_NAME)";
			};
			name = Debug;
		};
		DBC305571EC0DD8C002AA4FB /* Release */ = {
			isa = XCBuildConfiguration;
			baseConfigurationReference = AC56B1AE1C006AE0E2F878A1 /* Pods-ToDo-List.release.xcconfig */;
			buildSettings = {
				ASSETCATALOG_COMPILER_APPICON_NAME = AppIcon;
				DEVELOPMENT_TEAM = 6X88V8MC7R;
				INFOPLIST_FILE = "ToDo-List/Info.plist";
				LD_RUNPATH_SEARCH_PATHS = "$(inherited) @executable_path/Frameworks";
				PRODUCT_BUNDLE_IDENTIFIER = "com.MyFirstApp..ToDo-List";
				PRODUCT_NAME = "$(TARGET_NAME)";
			};
			name = Release;
		};
/* End XCBuildConfiguration section */

/* Begin XCConfigurationList section */
		DBC305391EC0DD8B002AA4FB /* Build configuration list for PBXProject "ToDo-List" */ = {
			isa = XCConfigurationList;
			buildConfigurations = (
				DBC305531EC0DD8C002AA4FB /* Debug */,
				DBC305541EC0DD8C002AA4FB /* Release */,
			);
			defaultConfigurationIsVisible = 0;
			defaultConfigurationName = Release;
		};
		DBC305551EC0DD8C002AA4FB /* Build configuration list for PBXNativeTarget "ToDo-List" */ = {
			isa = XCConfigurationList;
			buildConfigurations = (
				DBC305561EC0DD8C002AA4FB /* Debug */,
				DBC305571EC0DD8C002AA4FB /* Release */,
			);
			defaultConfigurationIsVisible = 0;
			defaultConfigurationName = Release;
		};
/* End XCConfigurationList section */
	};
	rootObject = DBC305361EC0DD8B002AA4FB /* Project object */;
}
